
Microsoft Visual Studio Solution File, Format Version 12.00
# Visual Studio Version 16
VisualStudioVersion = 16.0.32602.291
MinimumVisualStudioVersion = 10.0.40219.1
Project("{FAE04EC0-301F-11D3-BF4B-00C04F79EFBC}") = "FlightScheduleDetection.Domain", "FlightScheduleDetection.Domain\FlightScheduleDetection.Domain.csproj", "{2C27687D-5D4C-476D-82B9-D44ECB3224E7}"
EndProject
Project("{FAE04EC0-301F-11D3-BF4B-00C04F79EFBC}") = "FlightScheduleDetection.DataAccess", "FlightScheduleDetection.DataAccess\FlightScheduleDetection.DataAccess.csproj", "{4E7ADC39-9880-4039-87B1-C0EA623DEA4A}"
EndProject
Project("{FAE04EC0-301F-11D3-BF4B-00C04F79EFBC}") = "FlightScheduleDetection.Service", "FlightScheduleDetection.Service\FlightScheduleDetection.Service.csproj", "{B23B4234-8C00-4E6E-99EE-9C12613481CE}"
EndProject
Project("{FAE04EC0-301F-11D3-BF4B-00C04F79EFBC}") = "FlightScheduleDetection.UI", "FlightScheduleDetection.UI\FlightScheduleDetection.UI.csproj", "{D7AD65D9-6C12-4CC4-AE2E-387C4B75AE17}"
EndProject
Project("{FAE04EC0-301F-11D3-BF4B-00C04F79EFBC}") = "FlightScheduleDetection.UnitTests", "FlightScheduleDetection.UnitTests\FlightScheduleDetection.UnitTests.csproj", "{C7E7B495-474F-4E5C-8B41-591F01290B48}"
EndProject
Global
	GlobalSection(SolutionConfigurationPlatforms) = preSolution
		Debug|Any CPU = Debug|Any CPU
		Release|Any CPU = Release|Any CPU
	EndGlobalSection
	GlobalSection(ProjectConfigurationPlatforms) = postSolution
		{2C27687D-5D4C-476D-82B9-D44ECB3224E7}.Debug|Any CPU.ActiveCfg = Debug|Any CPU
		{2C27687D-5D4C-476D-82B9-D44ECB3224E7}.Debug|Any CPU.Build.0 = Debug|Any CPU
		{2C27687D-5D4C-476D-82B9-D44ECB3224E7}.Release|Any CPU.ActiveCfg = Release|Any CPU
		{2C27687D-5D4C-476D-82B9-D44ECB3224E7}.Release|Any CPU.Build.0 = Release|Any CPU
		{4E7ADC39-9880-4039-87B1-C0EA623DEA4A}.Debug|Any CPU.ActiveCfg = Debug|Any CPU
		{4E7ADC39-9880-4039-87B1-C0EA623DEA4A}.Debug|Any CPU.Build.0 = Debug|Any CPU
		{4E7ADC39-9880-4039-87B1-C0EA623DEA4A}.Release|Any CPU.ActiveCfg = Release|Any CPU
		{4E7ADC39-9880-4039-87B1-C0EA623DEA4A}.Release|Any CPU.Build.0 = Release|Any CPU
		{B23B4234-8C00-4E6E-99EE-9C12613481CE}.Debug|Any CPU.ActiveCfg = Debug|Any CPU
		{B23B4234-8C00-4E6E-99EE-9C12613481CE}.Debug|Any CPU.Build.0 = Debug|Any CPU
		{B23B4234-8C00-4E6E-99EE-9C12613481CE}.Release|Any CPU.ActiveCfg = Release|Any CPU
		{B23B4234-8C00-4E6E-99EE-9C12613481CE}.Release|Any CPU.Build.0 = Release|Any CPU
		{D7AD65D9-6C12-4CC4-AE2E-387C4B75AE17}.Debug|Any CPU.ActiveCfg = Debug|Any CPU
		{D7AD65D9-6C12-4CC4-AE2E-387C4B75AE17}.Debug|Any CPU.Build.0 = Debug|Any CPU
		{D7AD65D9-6C12-4CC4-AE2E-387C4B75AE17}.Release|Any CPU.ActiveCfg = Release|Any CPU
		{D7AD65D9-6C12-4CC4-AE2E-387C4B75AE17}.Release|Any CPU.Build.0 = Release|Any CPU
		{C7E7B495-474F-4E5C-8B41-591F01290B48}.Debug|Any CPU.ActiveCfg = Debug|Any CPU
		{C7E7B495-474F-4E5C-8B41-591F01290B48}.Debug|Any CPU.Build.0 = Debug|Any CPU
		{C7E7B495-474F-4E5C-8B41-591F01290B48}.Release|Any CPU.ActiveCfg = Release|Any CPU
		{C7E7B495-474F-4E5C-8B41-591F01290B48}.Release|Any CPU.Build.0 = Release|Any CPU
	EndGlobalSection
	GlobalSection(SolutionProperties) = preSolution
		HideSolutionNode = FALSE
	EndGlobalSection
	GlobalSection(ExtensibilityGlobals) = postSolution
		SolutionGuid = {B581A692-4B97-490C-AEE2-32EA83313EB8}
	EndGlobalSection
EndGlobal
